
Microsoft Visual Studio Solution File, Format Version 12.00
# Visual Studio Version 16
VisualStudioVersion = 16.0.29215.179
MinimumVisualStudioVersion = 10.0.40219.1
Project("{2150E333-8FDC-42A3-9474-1A3956D46DE8}") = "lib", "lib", "{ED996611-FCEC-4B5A-9C30-DF6AC5C178C1}"
EndProject
Project("{2150E333-8FDC-42A3-9474-1A3956D46DE8}") = "test", "test", "{407B179E-ED42-4D2F-A089-D0F3C0283079}"
EndProject
Project("{2150E333-8FDC-42A3-9474-1A3956D46DE8}") = "iTin.Core", "iTin.Core", "{E395D3DB-DAC6-48FF-9AE7-D073D4F8BF1B}"
EndProject
Project("{2150E333-8FDC-42A3-9474-1A3956D46DE8}") = "iTin.Core.Hardware", "iTin.Core.Hardware", "{C1D5328A-741F-41D7-A3F4-1FFA8EA76F4A}"
EndProject
Project("{2150E333-8FDC-42A3-9474-1A3956D46DE8}") = "iTin.Core.Hardware.Specification", "iTin.Core.Hardware.Specification", "{75510385-E1C2-4CC6-A097-FA894BC07056}"
EndProject
Project("{9A19103F-16F7-4668-BE54-9A1E7A4F7556}") = "iTin.Core.Hardware", "lib\iTin.Core.Hardware\iTin.Core.Hardware\iTin.Core.Hardware.csproj", "{712177AB-3598-4D8B-B8B8-888928DAFA7D}"
EndProject
Project("{9A19103F-16F7-4668-BE54-9A1E7A4F7556}") = "iTin.Core", "lib\iTin.Core\iTin.Core\iTin.Core.csproj", "{A1FC8E7E-8A01-4456-BF5C-14C40981BEFA}"
EndProject
Project("{9A19103F-16F7-4668-BE54-9A1E7A4F7556}") = "iTin.Core.Interop", "lib\iTin.Core\iTin.Core.Interop\iTin.Core.Interop.csproj", "{F8F097DA-4171-4E3F-BF8F-59D37B2BE72F}"
EndProject
Project("{9A19103F-16F7-4668-BE54-9A1E7A4F7556}") = "iTin.Core.Hardware.Specification.Tpm", "lib\iTin.Core.Hardware\iTin.Core.Hardware.Specification\iTin.Core.Hardware.Specification.Tpm\iTin.Core.Hardware.Specification.Tpm.csproj", "{57C232B9-75E7-4D5F-90C6-C7CA558A78AF}"
EndProject
Project("{9A19103F-16F7-4668-BE54-9A1E7A4F7556}") = "iTin.Core.Hardware.Specification.Smbios", "lib\iTin.Core.Hardware\iTin.Core.Hardware.Specification\iTin.Core.Hardware.Specification.Smbios\iTin.Core.Hardware.Specification.Smbios.csproj", "{886079D7-F5BA-40EC-84BA-1DEE1BACEFFC}"
EndProject
Project("{9A19103F-16F7-4668-BE54-9A1E7A4F7556}") = "iTin.Core.Hardware.Specification.Dmi", "lib\iTin.Core.Hardware\iTin.Core.Hardware.Specification\iTin.Core.Hardware.Specification.Dmi\iTin.Core.Hardware.Specification.Dmi.csproj", "{C081B25A-8EB2-46F8-8B03-40E215E986E5}"
EndProject
Project("{FAE04EC0-301F-11D3-BF4B-00C04F79EFBC}") = "iSMBIOS.ConsoleApp", "test\iSMBIOS.ConsoleApp\iSMBIOS.ConsoleApp.csproj", "{768A3709-640D-40D8-B286-59F3AF8A6AC4}"
EndProject
Project("{9A19103F-16F7-4668-BE54-9A1E7A4F7556}") = "iSMBIOS.ConsoleAppCore", "test\iSMBIOS.ConsoleAppCore\iSMBIOS.ConsoleAppCore.csproj", "{B48B4999-3A85-4157-ADB8-515BCEC0E74B}"
EndProject
Global
	GlobalSection(SolutionConfigurationPlatforms) = preSolution
		Debug|Any CPU = Debug|Any CPU
		Release|Any CPU = Release|Any CPU
	EndGlobalSection
	GlobalSection(ProjectConfigurationPlatforms) = postSolution
		{712177AB-3598-4D8B-B8B8-888928DAFA7D}.Debug|Any CPU.ActiveCfg = Debug|Any CPU
		{712177AB-3598-4D8B-B8B8-888928DAFA7D}.Debug|Any CPU.Build.0 = Debug|Any CPU
		{712177AB-3598-4D8B-B8B8-888928DAFA7D}.Release|Any CPU.ActiveCfg = Release|Any CPU
		{712177AB-3598-4D8B-B8B8-888928DAFA7D}.Release|Any CPU.Build.0 = Release|Any CPU
		{A1FC8E7E-8A01-4456-BF5C-14C40981BEFA}.Debug|Any CPU.ActiveCfg = Debug|Any CPU
		{A1FC8E7E-8A01-4456-BF5C-14C40981BEFA}.Debug|Any CPU.Build.0 = Debug|Any CPU
		{A1FC8E7E-8A01-4456-BF5C-14C40981BEFA}.Release|Any CPU.ActiveCfg = Release|Any CPU
		{A1FC8E7E-8A01-4456-BF5C-14C40981BEFA}.Release|Any CPU.Build.0 = Release|Any CPU
		{F8F097DA-4171-4E3F-BF8F-59D37B2BE72F}.Debug|Any CPU.ActiveCfg = Debug|Any CPU
		{F8F097DA-4171-4E3F-BF8F-59D37B2BE72F}.Debug|Any CPU.Build.0 = Debug|Any CPU
		{F8F097DA-4171-4E3F-BF8F-59D37B2BE72F}.Release|Any CPU.ActiveCfg = Release|Any CPU
		{F8F097DA-4171-4E3F-BF8F-59D37B2BE72F}.Release|Any CPU.Build.0 = Release|Any CPU
		{57C232B9-75E7-4D5F-90C6-C7CA558A78AF}.Debug|Any CPU.ActiveCfg = Debug|Any CPU
		{57C232B9-75E7-4D5F-90C6-C7CA558A78AF}.Debug|Any CPU.Build.0 = Debug|Any CPU
		{57C232B9-75E7-4D5F-90C6-C7CA558A78AF}.Release|Any CPU.ActiveCfg = Release|Any CPU
		{57C232B9-75E7-4D5F-90C6-C7CA558A78AF}.Release|Any CPU.Build.0 = Release|Any CPU
		{886079D7-F5BA-40EC-84BA-1DEE1BACEFFC}.Debug|Any CPU.ActiveCfg = Debug|Any CPU
		{886079D7-F5BA-40EC-84BA-1DEE1BACEFFC}.Debug|Any CPU.Build.0 = Debug|Any CPU
		{886079D7-F5BA-40EC-84BA-1DEE1BACEFFC}.Release|Any CPU.ActiveCfg = Release|Any CPU
		{886079D7-F5BA-40EC-84BA-1DEE1BACEFFC}.Release|Any CPU.Build.0 = Release|Any CPU
		{C081B25A-8EB2-46F8-8B03-40E215E986E5}.Debug|Any CPU.ActiveCfg = Debug|Any CPU
		{C081B25A-8EB2-46F8-8B03-40E215E986E5}.Debug|Any CPU.Build.0 = Debug|Any CPU
		{C081B25A-8EB2-46F8-8B03-40E215E986E5}.Release|Any CPU.ActiveCfg = Release|Any CPU
		{C081B25A-8EB2-46F8-8B03-40E215E986E5}.Release|Any CPU.Build.0 = Release|Any CPU
		{768A3709-640D-40D8-B286-59F3AF8A6AC4}.Debug|Any CPU.ActiveCfg = Debug|Any CPU
		{768A3709-640D-40D8-B286-59F3AF8A6AC4}.Debug|Any CPU.Build.0 = Debug|Any CPU
		{768A3709-640D-40D8-B286-59F3AF8A6AC4}.Release|Any CPU.ActiveCfg = Release|Any CPU
		{768A3709-640D-40D8-B286-59F3AF8A6AC4}.Release|Any CPU.Build.0 = Release|Any CPU
		{B48B4999-3A85-4157-ADB8-515BCEC0E74B}.Debug|Any CPU.ActiveCfg = Debug|Any CPU
		{B48B4999-3A85-4157-ADB8-515BCEC0E74B}.Debug|Any CPU.Build.0 = Debug|Any CPU
		{B48B4999-3A85-4157-ADB8-515BCEC0E74B}.Release|Any CPU.ActiveCfg = Release|Any CPU
		{B48B4999-3A85-4157-ADB8-515BCEC0E74B}.Release|Any CPU.Build.0 = Release|Any CPU
	EndGlobalSection
	GlobalSection(SolutionProperties) = preSolution
		HideSolutionNode = FALSE
	EndGlobalSection
	GlobalSection(NestedProjects) = preSolution
		{E395D3DB-DAC6-48FF-9AE7-D073D4F8BF1B} = {ED996611-FCEC-4B5A-9C30-DF6AC5C178C1}
		{C1D5328A-741F-41D7-A3F4-1FFA8EA76F4A} = {ED996611-FCEC-4B5A-9C30-DF6AC5C178C1}
		{75510385-E1C2-4CC6-A097-FA894BC07056} = {ED996611-FCEC-4B5A-9C30-DF6AC5C178C1}
		{712177AB-3598-4D8B-B8B8-888928DAFA7D} = {C1D5328A-741F-41D7-A3F4-1FFA8EA76F4A}
		{A1FC8E7E-8A01-4456-BF5C-14C40981BEFA} = {E395D3DB-DAC6-48FF-9AE7-D073D4F8BF1B}
		{F8F097DA-4171-4E3F-BF8F-59D37B2BE72F} = {E395D3DB-DAC6-48FF-9AE7-D073D4F8BF1B}
		{57C232B9-75E7-4D5F-90C6-C7CA558A78AF} = {75510385-E1C2-4CC6-A097-FA894BC07056}
		{886079D7-F5BA-40EC-84BA-1DEE1BACEFFC} = {75510385-E1C2-4CC6-A097-FA894BC07056}
		{C081B25A-8EB2-46F8-8B03-40E215E986E5} = {75510385-E1C2-4CC6-A097-FA894BC07056}
		{768A3709-640D-40D8-B286-59F3AF8A6AC4} = {407B179E-ED42-4D2F-A089-D0F3C0283079}
		{B48B4999-3A85-4157-ADB8-515BCEC0E74B} = {407B179E-ED42-4D2F-A089-D0F3C0283079}
	EndGlobalSection
	GlobalSection(ExtensibilityGlobals) = postSolution
		SolutionGuid = {7E253257-825E-40F1-9BD8-3624F02E7544}
	EndGlobalSection
EndGlobal
